# Generated by buf. DO NOT EDIT.
version: v1
deps:
  - remote: buf.build
    owner: agynio
    repository: api
    commit: ba08860ccc0447219b4f76b382948954
    digest: shake256:f7cfab2073c8647cf06bc54e5c9240733c087d8676c9acbcea86d6843ca03374508ee9800da4306482a10b9db18ac802904336ed85bbe86ae31a5e6916aa691b
  - remote: buf.build
    owner: opentelemetry
    repository: opentelemetry
    commit: 5f2c7d4f740541589805e0816dad4bb0
    digest: shake256:1a1c76b9fb39277f441fa81273e5132e2856558fd52b04e3ea69051f6ecdb5293e35c8915ec7e20507bba9d4bb6b0ba9a1408062fa63dd7f09db015ad06736ab
